
Microsoft Visual Studio Solution File, Format Version 12.00
# Visual Studio Version 16
VisualStudioVersion = 16.0.30711.63
MinimumVisualStudioVersion = 10.0.40219.1
Project("{9A19103F-16F7-4668-BE54-9A1E7A4F7556}") = "BusinessLayer", "BusinessLayer\BusinessLayer.csproj", "{A6792A4F-4189-48BB-AECA-A4FBF84D1B86}"
EndProject
Project("{FAE04EC0-301F-11D3-BF4B-00C04F79EFBC}") = "CMDTest", "CMDTest\CMDTest.csproj", "{89A87840-E31C-41DA-9F4E-1DFCDA853A53}"
EndProject
Global
	GlobalSection(SolutionConfigurationPlatforms) = preSolution
		Debug|Any CPU = Debug|Any CPU
		Release|Any CPU = Release|Any CPU
	EndGlobalSection
	GlobalSection(ProjectConfigurationPlatforms) = postSolution
		{A6792A4F-4189-48BB-AECA-A4FBF84D1B86}.Debug|Any CPU.ActiveCfg = Debug|Any CPU
		{A6792A4F-4189-48BB-AECA-A4FBF84D1B86}.Debug|Any CPU.Build.0 = Debug|Any CPU
		{A6792A4F-4189-48BB-AECA-A4FBF84D1B86}.Release|Any CPU.ActiveCfg = Release|Any CPU
		{A6792A4F-4189-48BB-AECA-A4FBF84D1B86}.Release|Any CPU.Build.0 = Release|Any CPU
		{89A87840-E31C-41DA-9F4E-1DFCDA853A53}.Debug|Any CPU.ActiveCfg = Debug|Any CPU
		{89A87840-E31C-41DA-9F4E-1DFCDA853A53}.Debug|Any CPU.Build.0 = Debug|Any CPU
		{89A87840-E31C-41DA-9F4E-1DFCDA853A53}.Release|Any CPU.ActiveCfg = Release|Any CPU
		{89A87840-E31C-41DA-9F4E-1DFCDA853A53}.Release|Any CPU.Build.0 = Release|Any CPU
	EndGlobalSection
	GlobalSection(SolutionProperties) = preSolution
		HideSolutionNode = FALSE
	EndGlobalSection
	GlobalSection(ExtensibilityGlobals) = postSolution
		SolutionGuid = {B94A10A8-459C-4C40-9EAB-6ACCD8816117}
	EndGlobalSection
EndGlobal
